// !$*UTF8*$!
{
	archiveVersion = 1;
	classes = {
	};
	objectVersion = 46;
	objects = {

/* Begin PBXBuildFile section */
		68516B4219FD08CB00AFBF36 /* main.m in Sources */ = {isa = PBXBuildFile; fileRef = 68516B4119FD08CB00AFBF36 /* main.m */; };
		68516B4519FD08CB00AFBF36 /* AppDelegate.m in Sources */ = {isa = PBXBuildFile; fileRef = 68516B4419FD08CB00AFBF36 /* AppDelegate.m */; };
		68516B4819FD08CB00AFBF36 /* ViewController.m in Sources */ = {isa = PBXBuildFile; fileRef = 68516B4719FD08CB00AFBF36 /* ViewController.m */; };
		68516B4B19FD08CB00AFBF36 /* Main.storyboard in Resources */ = {isa = PBXBuildFile; fileRef = 68516B4919FD08CB00AFBF36 /* Main.storyboard */; };
		68516B4D19FD08CB00AFBF36 /* Images.xcassets in Resources */ = {isa = PBXBuildFile; fileRef = 68516B4C19FD08CB00AFBF36 /* Images.xcassets */; };
		68516B5019FD08CB00AFBF36 /* LaunchScreen.xib in Resources */ = {isa = PBXBuildFile; fileRef = 68516B4E19FD08CB00AFBF36 /* LaunchScreen.xib */; };
		68516B5C19FD08CB00AFBF36 /* WonderTreeTests.m in Sources */ = {isa = PBXBuildFile; fileRef = 68516B5B19FD08CB00AFBF36 /* WonderTreeTests.m */; };
/* End PBXBuildFile section */

/* Begin PBXContainerItemProxy section */
		68516B5619FD08CB00AFBF36 /* PBXContainerItemProxy */ = {
			isa = PBXContainerItemProxy;
			containerPortal = 68516B3419FD08CB00AFBF36 /* Project object */;
			proxyType = 1;
			remoteGlobalIDString = 68516B3B19FD08CB00AFBF36;
			remoteInfo = WonderTree;
		};
/* End PBXContainerItemProxy section */

/* Begin PBXFileReference section */
		68516B3C19FD08CB00AFBF36 /* WonderTree.app */ = {isa = PBXFileReference; explicitFileType = wrapper.application; includeInIndex = 0; path = WonderTree.app; sourceTree = BUILT_PRODUCTS_DIR; };
		68516B4019FD08CB00AFBF36 /* Info.plist */ = {isa = PBXFileReference; lastKnownFileType = text.plist.xml; path = Info.plist; sourceTree = "<group>"; };
		68516B4119FD08CB00AFBF36 /* main.m */ = {isa = PBXFileReference; lastKnownFileType = sourcecode.c.objc; path = main.m; sourceTree = "<group>"; };
		68516B4319FD08CB00AFBF36 /* AppDelegate.h */ = {isa = PBXFileReference; lastKnownFileType = sourcecode.c.h; path = AppDelegate.h; sourceTree = "<group>"; };
		68516B4419FD08CB00AFBF36 /* AppDelegate.m */ = {isa = PBXFileReference; lastKnownFileType = sourcecode.c.objc; path = AppDelegate.m; sourceTree = "<group>"; };
		68516B4619FD08CB00AFBF36 /* ViewController.h */ = {isa = PBXFileReference; lastKnownFileType = sourcecode.c.h; path = ViewController.h; sourceTree = "<group>"; };
		68516B4719FD08CB00AFBF36 /* ViewController.m */ = {isa = PBXFileReference; lastKnownFileType = sourcecode.c.objc; path = ViewController.m; sourceTree = "<group>"; };
		68516B4A19FD08CB00AFBF36 /* Base */ = {isa = PBXFileReference; lastKnownFileType = file.storyboard; name = Base; path = Base.lproj/Main.storyboard; sourceTree = "<group>"; };
		68516B4C19FD08CB00AFBF36 /* Images.xcassets */ = {isa = PBXFileReference; lastKnownFileType = folder.assetcatalog; path = Images.xcassets; sourceTree = "<group>"; };
		68516B4F19FD08CB00AFBF36 /* Base */ = {isa = PBXFileReference; lastKnownFileType = file.xib; name = Base; path = Base.lproj/LaunchScreen.xib; sourceTree = "<group>"; };
		68516B5519FD08CB00AFBF36 /* WonderTreeTests.xctest */ = {isa = PBXFileReference; explicitFileType = wrapper.cfbundle; includeInIndex = 0; path = WonderTreeTests.xctest; sourceTree = BUILT_PRODUCTS_DIR; };
		68516B5A19FD08CB00AFBF36 /* Info.plist */ = {isa = PBXFileReference; lastKnownFileType = text.plist.xml; path = Info.plist; sourceTree = "<group>"; };
		68516B5B19FD08CB00AFBF36 /* WonderTreeTests.m */ = {isa = PBXFileReference; lastKnownFileType = sourcecode.c.objc; path = WonderTreeTests.m; sourceTree = "<group>"; };
/* End PBXFileReference section */

/* Begin PBXFrameworksBuildPhase section */
		68516B3919FD08CB00AFBF36 /* Frameworks */ = {
			isa = PBXFrameworksBuildPhase;
			buildActionMask = 2147483647;
			files = (
			);
			runOnlyForDeploymentPostprocessing = 0;
		};
		68516B5219FD08CB00AFBF36 /* Frameworks */ = {
			isa = PBXFrameworksBuildPhase;
			buildActionMask = 2147483647;
			files = (
			);
			runOnlyForDeploymentPostprocessing = 0;
		};
/* End PBXFrameworksBuildPhase section */

/* Begin PBXGroup section */
		68516B3319FD08CB00AFBF36 = {
			isa = PBXGroup;
			children = (
				68516B3E19FD08CB00AFBF36 /* WonderTree */,
				68516B5819FD08CB00AFBF36 /* WonderTreeTests */,
				68516B3D19FD08CB00AFBF36 /* Products */,
			);
			sourceTree = "<group>";
		};
		68516B3D19FD08CB00AFBF36 /* Products */ = {
			isa = PBXGroup;
			children = (
				68516B3C19FD08CB00AFBF36 /* WonderTree.app */,
				68516B5519FD08CB00AFBF36 /* WonderTreeTests.xctest */,
			);
			name = Products;
			sourceTree = "<group>";
		};
		68516B3E19FD08CB00AFBF36 /* WonderTree */ = {
			isa = PBXGroup;
			children = (
				68516B4319FD08CB00AFBF36 /* AppDelegate.h */,
				68516B4419FD08CB00AFBF36 /* AppDelegate.m */,
				68516B4619FD08CB00AFBF36 /* ViewController.h */,
				68516B4719FD08CB00AFBF36 /* ViewController.m */,
				68516B4919FD08CB00AFBF36 /* Main.storyboard */,
				68516B4C19FD08CB00AFBF36 /* Images.xcassets */,
				68516B4E19FD08CB00AFBF36 /* LaunchScreen.xib */,
				68516B3F19FD08CB00AFBF36 /* Supporting Files */,
			);
			path = WonderTree;
			sourceTree = "<group>";
		};
		68516B3F19FD08CB00AFBF36 /* Supporting Files */ = {
			isa = PBXGroup;
			children = (
				68516B4019FD08CB00AFBF36 /* Info.plist */,
				68516B4119FD08CB00AFBF36 /* main.m */,
			);
			name = "Supporting Files";
			sourceTree = "<group>";
		};
		68516B5819FD08CB00AFBF36 /* WonderTreeTests */ = {
			isa = PBXGroup;
			children = (
				68516B5B19FD08CB00AFBF36 /* WonderTreeTests.m */,
				68516B5919FD08CB00AFBF36 /* Supporting Files */,
			);
			path = WonderTreeTests;
			sourceTree = "<group>";
		};
		68516B5919FD08CB00AFBF36 /* Supporting Files */ = {
			isa = PBXGroup;
			children = (
				68516B5A19FD08CB00AFBF36 /* Info.plist */,
			);
			name = "Supporting Files";
			sourceTree = "<group>";
		};
/* End PBXGroup section */

/* Begin PBXNativeTarget section */
		68516B3B19FD08CB00AFBF36 /* WonderTree */ = {
			isa = PBXNativeTarget;
			buildConfigurationList = 68516B5F19FD08CB00AFBF36 /* Build configuration list for PBXNativeTarget "WonderTree" */;
			buildPhases = (
				68516B3819FD08CB00AFBF36 /* Sources */,
				68516B3919FD08CB00AFBF36 /* Frameworks */,
				68516B3A19FD08CB00AFBF36 /* Resources */,
			);
			buildRules = (
			);
			dependencies = (
			);
			name = WonderTree;
			productName = WonderTree;
			productReference = 68516B3C19FD08CB00AFBF36 /* WonderTree.app */;
			productType = "com.apple.product-type.application";
		};
		68516B5419FD08CB00AFBF36 /* WonderTreeTests */ = {
			isa = PBXNativeTarget;
			buildConfigurationList = 68516B6219FD08CB00AFBF36 /* Build configuration list for PBXNativeTarget "WonderTreeTests" */;
			buildPhases = (
				68516B5119FD08CB00AFBF36 /* Sources */,
				68516B5219FD08CB00AFBF36 /* Frameworks */,
				68516B5319FD08CB00AFBF36 /* Resources */,
			);
			buildRules = (
			);
			dependencies = (
				68516B5719FD08CB00AFBF36 /* PBXTargetDependency */,
			);
			name = WonderTreeTests;
			productName = WonderTreeTests;
			productReference = 68516B5519FD08CB00AFBF36 /* WonderTreeTests.xctest */;
			productType = "com.apple.product-type.bundle.unit-test";
		};
/* End PBXNativeTarget section */

/* Begin PBXProject section */
		68516B3419FD08CB00AFBF36 /* Project object */ = {
			isa = PBXProject;
			attributes = {
				LastUpgradeCheck = 0600;
				ORGANIZATIONNAME = weifu;
				TargetAttributes = {
					68516B3B19FD08CB00AFBF36 = {
						CreatedOnToolsVersion = 6.0;
					};
					68516B5419FD08CB00AFBF36 = {
						CreatedOnToolsVersion = 6.0;
						TestTargetID = 68516B3B19FD08CB00AFBF36;
					};
				};
			};
			buildConfigurationList = 68516B3719FD08CB00AFBF36 /* Build configuration list for PBXProject "WonderTree" */;
			compatibilityVersion = "Xcode 3.2";
			developmentRegion = English;
			hasScannedForEncodings = 0;
			knownRegions = (
				en,
				Base,
			);
			mainGroup = 68516B3319FD08CB00AFBF36;
			productRefGroup = 68516B3D19FD08CB00AFBF36 /* Products */;
			projectDirPath = "";
			projectRoot = "";
			targets = (
				68516B3B19FD08CB00AFBF36 /* WonderTree */,
				68516B5419FD08CB00AFBF36 /* WonderTreeTests */,
			);
		};
/* End PBXProject section */

/* Begin PBXResourcesBuildPhase section */
		68516B3A19FD08CB00AFBF36 /* Resources */ = {
			isa = PBXResourcesBuildPhase;
			buildActionMask = 2147483647;
			files = (
				68516B4B19FD08CB00AFBF36 /* Main.storyboard in Resources */,
				68516B5019FD08CB00AFBF36 /* LaunchScreen.xib in Resources */,
				68516B4D19FD08CB00AFBF36 /* Images.xcassets in Resources */,
			);
			runOnlyForDeploymentPostprocessing = 0;
		};
		68516B5319FD08CB00AFBF36 /* Resources */ = {
			isa = PBXResourcesBuildPhase;
			buildActionMask = 2147483647;
			files = (
			);
			runOnlyForDeploymentPostprocessing = 0;
		};
/* End PBXResourcesBuildPhase section */

/* Begin PBXSourcesBuildPhase section */
		68516B3819FD08CB00AFBF36 /* Sources */ = {
			isa = PBXSourcesBuildPhase;
			buildActionMask = 2147483647;
			files = (
				68516B4819FD08CB00AFBF36 /* ViewController.m in Sources */,
				68516B4519FD08CB00AFBF36 /* AppDelegate.m in Sources */,
				68516B4219FD08CB00AFBF36 /* main.m in Sources */,
			);
			runOnlyForDeploymentPostprocessing = 0;
		};
		68516B5119FD08CB00AFBF36 /* Sources */ = {
			isa = PBXSourcesBuildPhase;
			buildActionMask = 2147483647;
			files = (
				68516B5C19FD08CB00AFBF36 /* WonderTreeTests.m in Sources */,
			);
			runOnlyForDeploymentPostprocessing = 0;
		};
/* End PBXSourcesBuildPhase section */

/* Begin PBXTargetDependency section */
		68516B5719FD08CB00AFBF36 /* PBXTargetDependency */ = {
			isa = PBXTargetDependency;
			target = 68516B3B19FD08CB00AFBF36 /* WonderTree */;
			targetProxy = 68516B5619FD08CB00AFBF36 /* PBXContainerItemProxy */;
		};
/* End PBXTargetDependency section */

/* Begin PBXVariantGroup section */
		68516B4919FD08CB00AFBF36 /* Main.storyboard */ = {
			isa = PBXVariantGroup;
			children = (
				68516B4A19FD08CB00AFBF36 /* Base */,
			);
			name = Main.storyboard;
			sourceTree = "<group>";
		};
		68516B4E19FD08CB00AFBF36 /* LaunchScreen.xib */ = {
			isa = PBXVariantGroup;
			children = (
				68516B4F19FD08CB00AFBF36 /* Base */,
			);
			name = LaunchScreen.xib;
			sourceTree = "<group>";
		};
/* End PBXVariantGroup section */

/* Begin XCBuildConfiguration section */
		68516B5D19FD08CB00AFBF36 /* Debug */ = {
			isa = XCBuildConfiguration;
			buildSettings = {
				ALWAYS_SEARCH_USER_PATHS = NO;
				CLANG_CXX_LANGUAGE_STANDARD = "gnu++0x";
				CLANG_CXX_LIBRARY = "libc++";
				CLANG_ENABLE_MODULES = YES;
				CLANG_ENABLE_OBJC_ARC = YES;
				CLANG_WARN_BOOL_CONVERSION = YES;
				CLANG_WARN_CONSTANT_CONVERSION = YES;
				CLANG_WARN_DIRECT_OBJC_ISA_USAGE = YES_ERROR;
				CLANG_WARN_EMPTY_BODY = YES;
				CLANG_WARN_ENUM_CONVERSION = YES;
				CLANG_WARN_INT_CONVERSION = YES;
				CLANG_WARN_OBJC_ROOT_CLASS = YES_ERROR;
				CLANG_WARN_UNREACHABLE_CODE = YES;
				CLANG_WARN__DUPLICATE_METHOD_MATCH = YES;
				"CODE_SIGN_IDENTITY[sdk=iphoneos*]" = "iPhone Developer";
				COPY_PHASE_STRIP = NO;
				ENABLE_STRICT_OBJC_MSGSEND = YES;
				GCC_C_LANGUAGE_STANDARD = gnu99;
				GCC_DYNAMIC_NO_PIC = NO;
				GCC_OPTIMIZATION_LEVEL = 0;
				GCC_PREPROCESSOR_DEFINITIONS = (
					"DEBUG=1",
					"$(inherited)",
				);
				GCC_SYMBOLS_PRIVATE_EXTERN = NO;
				GCC_WARN_64_TO_32_BIT_CONVERSION = YES;
				GCC_WARN_ABOUT_RETURN_TYPE = YES_ERROR;
				GCC_WARN_UNDECLARED_SELECTOR = YES;
				GCC_WARN_UNINITIALIZED_AUTOS = YES_AGGRESSIVE;
				GCC_WARN_UNUSED_FUNCTION = YES;
				GCC_WARN_UNUSED_VARIABLE = YES;
				IPHONEOS_DEPLOYMENT_TARGET = 8.0;
				MTL_ENABLE_DEBUG_INFO = YES;
				ONLY_ACTIVE_ARCH = YES;
				SDKROOT = iphoneos;
			};
			name = Debug;
		};
		68516B5E19FD08CB00AFBF36 /* Release */ = {
			isa = XCBuildConfiguration;
			buildSettings = {
				ALWAYS_SEARCH_USER_PATHS = NO;
				CLANG_CXX_LANGUAGE_STANDARD = "gnu++0x";
				CLANG_CXX_LIBRARY = "libc++";
				CLANG_ENABLE_MODULES = YES;
				CLANG_ENABLE_OBJC_ARC = YES;
				CLANG_WARN_BOOL_CONVERSION = YES;
				CLANG_WARN_CONSTANT_CONVERSION = YES;
				CLANG_WARN_DIRECT_OBJC_ISA_USAGE = YES_ERROR;
				CLANG_WARN_EMPTY_BODY = YES;
				CLANG_WARN_ENUM_CONVERSION = YES;
				CLANG_WARN_INT_CONVERSION = YES;
				CLANG_WARN_OBJC_ROOT_CLASS = YES_ERROR;
				CLANG_WARN_UNREACHABLE_CODE = YES;
				CLANG_WARN__DUPLICATE_METHOD_MATCH = YES;
				"CODE_SIGN_IDENTITY[sdk=iphoneos*]" = "iPhone Developer";
				COPY_PHASE_STRIP = YES;
				ENABLE_NS_ASSERTIONS = NO;
				ENABLE_STRICT_OBJC_MSGSEND = YES;
				GCC_C_LANGUAGE_STANDARD = gnu99;
				GCC_WARN_64_TO_32_BIT_CONVERSION = YES;
				GCC_WARN_ABOUT_RETURN_TYPE = YES_ERROR;
				GCC_WARN_UNDECLARED_SELECTOR = YES;
				GCC_WARN_UNINITIALIZED_AUTOS = YES_AGGRESSIVE;
				GCC_WARN_UNUSED_FUNCTION = YES;
				GCC_WARN_UNUSED_VARIABLE = YES;
				IPHONEOS_DEPLOYMENT_TARGET = 8.0;
				MTL_ENABLE_DEBUG_INFO = NO;
				SDKROOT = iphoneos;
				VALIDATE_PRODUCT = YES;
			};
			name = Release;
		};
		68516B6019FD08CB00AFBF36 /* Debug */ = {
			isa = XCBuildConfiguration;
			buildSettings = {
				ASSETCATALOG_COMPILER_APPICON_NAME = AppIcon;
				INFOPLIST_FILE = WonderTree/Info.plist;
				LD_RUNPATH_SEARCH_PATHS = "$(inherited) @executable_path/Frameworks";
				PRODUCT_NAME = "$(TARGET_NAME)";
			};
			name = Debug;
		};
		68516B6119FD08CB00AFBF36 /* Release */ = {
			isa = XCBuildConfiguration;
			buildSettings = {
				ASSETCATALOG_COMPILER_APPICON_NAME = AppIcon;
				INFOPLIST_FILE = WonderTree/Info.plist;
				LD_RUNPATH_SEARCH_PATHS = "$(inherited) @executable_path/Frameworks";
				PRODUCT_NAME = "$(TARGET_NAME)";
			};
			name = Release;
		};
		68516B6319FD08CB00AFBF36 /* Debug */ = {
			isa = XCBuildConfiguration;
			buildSettings = {
				BUNDLE_LOADER = "$(TEST_HOST)";
				FRAMEWORK_SEARCH_PATHS = (
					"$(SDKROOT)/Developer/Library/Frameworks",
					"$(inherited)",
				);
				GCC_PREPROCESSOR_DEFINITIONS = (
					"DEBUG=1",
					"$(inherited)",
				);
				INFOPLIST_FILE = WonderTreeTests/Info.plist;
				LD_RUNPATH_SEARCH_PATHS = "$(inherited) @executable_path/Frameworks @loader_path/Frameworks";
				PRODUCT_NAME = "$(TARGET_NAME)";
				TEST_HOST = "$(BUILT_PRODUCTS_DIR)/WonderTree.app/WonderTree";
			};
			name = Debug;
		};
		68516B6419FD08CB00AFBF36 /* Release */ = {
			isa = XCBuildConfiguration;
			buildSettings = {
				BUNDLE_LOADER = "$(TEST_HOST)";
				FRAMEWORK_SEARCH_PATHS = (
					"$(SDKROOT)/Developer/Library/Frameworks",
					"$(inherited)",
				);
				INFOPLIST_FILE = WonderTreeTests/Info.plist;
				LD_RUNPATH_SEARCH_PATHS = "$(inherited) @executable_path/Frameworks @loader_path/Frameworks";
				PRODUCT_NAME = "$(TARGET_NAME)";
				TEST_HOST = "$(BUILT_PRODUCTS_DIR)/WonderTree.app/WonderTree";
			};
			name = Release;
		};
/* End XCBuildConfiguration section */

/* Begin XCConfigurationList section */
		68516B3719FD08CB00AFBF36 /* Build configuration list for PBXProject "WonderTree" */ = {
			isa = XCConfigurationList;
			buildConfigurations = (
				68516B5D19FD08CB00AFBF36 /* Debug */,
				68516B5E19FD08CB00AFBF36 /* Release */,
			);
			defaultConfigurationIsVisible = 0;
			defaultConfigurationName = Release;
		};
		68516B5F19FD08CB00AFBF36 /* Build configuration list for PBXNativeTarget "WonderTree" */ = {
			isa = XCConfigurationList;
			buildConfigurations = (
				68516B6019FD08CB00AFBF36 /* Debug */,
				68516B6119FD08CB00AFBF36 /* Release */,
			);
			defaultConfigurationIsVisible = 0;
		};
		68516B6219FD08CB00AFBF36 /* Build configuration list for PBXNativeTarget "WonderTreeTests" */ = {
			isa = XCConfigurationList;
			buildConfigurations = (
				68516B6319FD08CB00AFBF36 /* Debug */,
				68516B6419FD08CB00AFBF36 /* Release */,
			);
			defaultConfigurationIsVisible = 0;
		};
/* End XCConfigurationList section */
	};
	rootObject = 68516B3419FD08CB00AFBF36 /* Project object */;
}
